
Microsoft Visual Studio Solution File, Format Version 12.00
# Visual Studio Version 16
VisualStudioVersion = 16.0.31410.357
MinimumVisualStudioVersion = 10.0.40219.1
Project("{FAE04EC0-301F-11D3-BF4B-00C04F79EFBC}") = "FinalChallenge", "FinalChallenge.csproj", "{AAC5E465-1795-4BBC-9859-2787C0820FC9}"
EndProject
Global
	GlobalSection(SolutionConfigurationPlatforms) = preSolution
		Debug|Any CPU = Debug|Any CPU
		Release|Any CPU = Release|Any CPU
	EndGlobalSection
	GlobalSection(ProjectConfigurationPlatforms) = postSolution
		{AAC5E465-1795-4BBC-9859-2787C0820FC9}.Debug|Any CPU.ActiveCfg = Debug|Any CPU
		{AAC5E465-1795-4BBC-9859-2787C0820FC9}.Debug|Any CPU.Build.0 = Debug|Any CPU
		{AAC5E465-1795-4BBC-9859-2787C0820FC9}.Release|Any CPU.ActiveCfg = Release|Any CPU
		{AAC5E465-1795-4BBC-9859-2787C0820FC9}.Release|Any CPU.Build.0 = Release|Any CPU
	EndGlobalSection
	GlobalSection(SolutionProperties) = preSolution
		HideSolutionNode = FALSE
	EndGlobalSection
	GlobalSection(ExtensibilityGlobals) = postSolution
		SolutionGuid = {33F416E5-60D4-4674-ABBC-D2C43D42E988}
	EndGlobalSection
EndGlobal
