
Microsoft Visual Studio Solution File, Format Version 12.00
# Visual Studio Version 16
VisualStudioVersion = 16.0.31410.357
MinimumVisualStudioVersion = 10.0.40219.1
Project("{FAE04EC0-301F-11D3-BF4B-00C04F79EFBC}") = "Class Submission", "Class Submission.csproj", "{99768362-0CCD-4684-9AD0-63AE82E5D09F}"
EndProject
Global
	GlobalSection(SolutionConfigurationPlatforms) = preSolution
		Debug|Any CPU = Debug|Any CPU
		Release|Any CPU = Release|Any CPU
	EndGlobalSection
	GlobalSection(ProjectConfigurationPlatforms) = postSolution
		{99768362-0CCD-4684-9AD0-63AE82E5D09F}.Debug|Any CPU.ActiveCfg = Debug|Any CPU
		{99768362-0CCD-4684-9AD0-63AE82E5D09F}.Debug|Any CPU.Build.0 = Debug|Any CPU
		{99768362-0CCD-4684-9AD0-63AE82E5D09F}.Release|Any CPU.ActiveCfg = Release|Any CPU
		{99768362-0CCD-4684-9AD0-63AE82E5D09F}.Release|Any CPU.Build.0 = Release|Any CPU
	EndGlobalSection
	GlobalSection(SolutionProperties) = preSolution
		HideSolutionNode = FALSE
	EndGlobalSection
	GlobalSection(ExtensibilityGlobals) = postSolution
		SolutionGuid = {0E8D906F-33B3-41CE-9FE6-491AE4FB1FB9}
	EndGlobalSection
EndGlobal
