
Microsoft Visual Studio Solution File, Format Version 12.00
# Visual Studio Version 16
VisualStudioVersion = 16.0.31410.357
MinimumVisualStudioVersion = 10.0.40219.1
Project("{FAE04EC0-301F-11D3-BF4B-00C04F79EFBC}") = "Constructor", "Constructor.csproj", "{A189E417-8243-498C-A871-3AA12EB38FCD}"
EndProject
Global
	GlobalSection(SolutionConfigurationPlatforms) = preSolution
		Debug|Any CPU = Debug|Any CPU
		Release|Any CPU = Release|Any CPU
	EndGlobalSection
	GlobalSection(ProjectConfigurationPlatforms) = postSolution
		{A189E417-8243-498C-A871-3AA12EB38FCD}.Debug|Any CPU.ActiveCfg = Debug|Any CPU
		{A189E417-8243-498C-A871-3AA12EB38FCD}.Debug|Any CPU.Build.0 = Debug|Any CPU
		{A189E417-8243-498C-A871-3AA12EB38FCD}.Release|Any CPU.ActiveCfg = Release|Any CPU
		{A189E417-8243-498C-A871-3AA12EB38FCD}.Release|Any CPU.Build.0 = Release|Any CPU
	EndGlobalSection
	GlobalSection(SolutionProperties) = preSolution
		HideSolutionNode = FALSE
	EndGlobalSection
	GlobalSection(ExtensibilityGlobals) = postSolution
		SolutionGuid = {023E01AF-57DD-4E2F-BB45-36E391F5912F}
	EndGlobalSection
EndGlobal
