
Microsoft Visual Studio Solution File, Format Version 12.00
# Visual Studio Version 16
VisualStudioVersion = 16.0.31410.357
MinimumVisualStudioVersion = 10.0.40219.1
Project("{FAE04EC0-301F-11D3-BF4B-00C04F79EFBC}") = "Date_Time", "Date_Time.csproj", "{DFECBC84-9432-47BE-9DF4-E1329E7D10CC}"
EndProject
Global
	GlobalSection(SolutionConfigurationPlatforms) = preSolution
		Debug|Any CPU = Debug|Any CPU
		Release|Any CPU = Release|Any CPU
	EndGlobalSection
	GlobalSection(ProjectConfigurationPlatforms) = postSolution
		{DFECBC84-9432-47BE-9DF4-E1329E7D10CC}.Debug|Any CPU.ActiveCfg = Debug|Any CPU
		{DFECBC84-9432-47BE-9DF4-E1329E7D10CC}.Debug|Any CPU.Build.0 = Debug|Any CPU
		{DFECBC84-9432-47BE-9DF4-E1329E7D10CC}.Release|Any CPU.ActiveCfg = Release|Any CPU
		{DFECBC84-9432-47BE-9DF4-E1329E7D10CC}.Release|Any CPU.Build.0 = Release|Any CPU
	EndGlobalSection
	GlobalSection(SolutionProperties) = preSolution
		HideSolutionNode = FALSE
	EndGlobalSection
	GlobalSection(ExtensibilityGlobals) = postSolution
		SolutionGuid = {B680BC05-9A0B-410F-8A4A-A52A7F503A1B}
	EndGlobalSection
EndGlobal
