
Microsoft Visual Studio Solution File, Format Version 12.00
# Visual Studio Version 16
VisualStudioVersion = 16.0.31410.357
MinimumVisualStudioVersion = 10.0.40219.1
Project("{FAE04EC0-301F-11D3-BF4B-00C04F79EFBC}") = "Branching", "Branching.csproj", "{3527BF9A-0FF0-42D3-9315-CF82511BDAB1}"
EndProject
Global
	GlobalSection(SolutionConfigurationPlatforms) = preSolution
		Debug|Any CPU = Debug|Any CPU
		Release|Any CPU = Release|Any CPU
	EndGlobalSection
	GlobalSection(ProjectConfigurationPlatforms) = postSolution
		{3527BF9A-0FF0-42D3-9315-CF82511BDAB1}.Debug|Any CPU.ActiveCfg = Debug|Any CPU
		{3527BF9A-0FF0-42D3-9315-CF82511BDAB1}.Debug|Any CPU.Build.0 = Debug|Any CPU
		{3527BF9A-0FF0-42D3-9315-CF82511BDAB1}.Release|Any CPU.ActiveCfg = Release|Any CPU
		{3527BF9A-0FF0-42D3-9315-CF82511BDAB1}.Release|Any CPU.Build.0 = Release|Any CPU
	EndGlobalSection
	GlobalSection(SolutionProperties) = preSolution
		HideSolutionNode = FALSE
	EndGlobalSection
	GlobalSection(ExtensibilityGlobals) = postSolution
		SolutionGuid = {75796057-51D1-45FF-B9A3-36C8A4E8A5A1}
	EndGlobalSection
EndGlobal
