
Microsoft Visual Studio Solution File, Format Version 12.00
# Visual Studio Version 16
VisualStudioVersion = 16.0.31410.357
MinimumVisualStudioVersion = 10.0.40219.1
Project("{FAE04EC0-301F-11D3-BF4B-00C04F79EFBC}") = "While", "While.csproj", "{545BFDDE-997E-4961-A523-CAF3BC99124E}"
EndProject
Global
	GlobalSection(SolutionConfigurationPlatforms) = preSolution
		Debug|Any CPU = Debug|Any CPU
		Release|Any CPU = Release|Any CPU
	EndGlobalSection
	GlobalSection(ProjectConfigurationPlatforms) = postSolution
		{545BFDDE-997E-4961-A523-CAF3BC99124E}.Debug|Any CPU.ActiveCfg = Debug|Any CPU
		{545BFDDE-997E-4961-A523-CAF3BC99124E}.Debug|Any CPU.Build.0 = Debug|Any CPU
		{545BFDDE-997E-4961-A523-CAF3BC99124E}.Release|Any CPU.ActiveCfg = Release|Any CPU
		{545BFDDE-997E-4961-A523-CAF3BC99124E}.Release|Any CPU.Build.0 = Release|Any CPU
	EndGlobalSection
	GlobalSection(SolutionProperties) = preSolution
		HideSolutionNode = FALSE
	EndGlobalSection
	GlobalSection(ExtensibilityGlobals) = postSolution
		SolutionGuid = {D8883535-5E98-44D0-80E6-511BB7A616BE}
	EndGlobalSection
EndGlobal
