
Microsoft Visual Studio Solution File, Format Version 12.00
# Visual Studio Version 16
VisualStudioVersion = 16.0.31410.357
MinimumVisualStudioVersion = 10.0.40219.1
Project("{FAE04EC0-301F-11D3-BF4B-00C04F79EFBC}") = "PolyMorphism", "PolyMorphism.csproj", "{F1E4B6E6-538B-4725-9BAC-83494F358123}"
EndProject
Global
	GlobalSection(SolutionConfigurationPlatforms) = preSolution
		Debug|Any CPU = Debug|Any CPU
		Release|Any CPU = Release|Any CPU
	EndGlobalSection
	GlobalSection(ProjectConfigurationPlatforms) = postSolution
		{F1E4B6E6-538B-4725-9BAC-83494F358123}.Debug|Any CPU.ActiveCfg = Debug|Any CPU
		{F1E4B6E6-538B-4725-9BAC-83494F358123}.Debug|Any CPU.Build.0 = Debug|Any CPU
		{F1E4B6E6-538B-4725-9BAC-83494F358123}.Release|Any CPU.ActiveCfg = Release|Any CPU
		{F1E4B6E6-538B-4725-9BAC-83494F358123}.Release|Any CPU.Build.0 = Release|Any CPU
	EndGlobalSection
	GlobalSection(SolutionProperties) = preSolution
		HideSolutionNode = FALSE
	EndGlobalSection
	GlobalSection(ExtensibilityGlobals) = postSolution
		SolutionGuid = {8A404369-A64C-4168-8A88-7255893BC28F}
	EndGlobalSection
EndGlobal
