
Microsoft Visual Studio Solution File, Format Version 12.00
# Visual Studio Version 16
VisualStudioVersion = 16.0.31410.357
MinimumVisualStudioVersion = 10.0.40219.1
Project("{FAE04EC0-301F-11D3-BF4B-00C04F79EFBC}") = "String Assignment", "String Assignment.csproj", "{4A7E4B26-5B25-4CDD-AFC5-BC7CFF3AB0E5}"
EndProject
Global
	GlobalSection(SolutionConfigurationPlatforms) = preSolution
		Debug|Any CPU = Debug|Any CPU
		Release|Any CPU = Release|Any CPU
	EndGlobalSection
	GlobalSection(ProjectConfigurationPlatforms) = postSolution
		{4A7E4B26-5B25-4CDD-AFC5-BC7CFF3AB0E5}.Debug|Any CPU.ActiveCfg = Debug|Any CPU
		{4A7E4B26-5B25-4CDD-AFC5-BC7CFF3AB0E5}.Debug|Any CPU.Build.0 = Debug|Any CPU
		{4A7E4B26-5B25-4CDD-AFC5-BC7CFF3AB0E5}.Release|Any CPU.ActiveCfg = Release|Any CPU
		{4A7E4B26-5B25-4CDD-AFC5-BC7CFF3AB0E5}.Release|Any CPU.Build.0 = Release|Any CPU
	EndGlobalSection
	GlobalSection(SolutionProperties) = preSolution
		HideSolutionNode = FALSE
	EndGlobalSection
	GlobalSection(ExtensibilityGlobals) = postSolution
		SolutionGuid = {53E1B5AF-4A0E-4C9B-91D7-5C59343D6E5A}
	EndGlobalSection
EndGlobal
