
Microsoft Visual Studio Solution File, Format Version 12.00
# Visual Studio Version 16
VisualStudioVersion = 16.0.31410.357
MinimumVisualStudioVersion = 10.0.40219.1
Project("{FAE04EC0-301F-11D3-BF4B-00C04F79EFBC}") = "Console App Strings And Integers", "Console App Strings And Integers.csproj", "{BEF1F2BF-8215-4902-9485-A9CFC09F5B02}"
EndProject
Global
	GlobalSection(SolutionConfigurationPlatforms) = preSolution
		Debug|Any CPU = Debug|Any CPU
		Release|Any CPU = Release|Any CPU
	EndGlobalSection
	GlobalSection(ProjectConfigurationPlatforms) = postSolution
		{BEF1F2BF-8215-4902-9485-A9CFC09F5B02}.Debug|Any CPU.ActiveCfg = Debug|Any CPU
		{BEF1F2BF-8215-4902-9485-A9CFC09F5B02}.Debug|Any CPU.Build.0 = Debug|Any CPU
		{BEF1F2BF-8215-4902-9485-A9CFC09F5B02}.Release|Any CPU.ActiveCfg = Release|Any CPU
		{BEF1F2BF-8215-4902-9485-A9CFC09F5B02}.Release|Any CPU.Build.0 = Release|Any CPU
	EndGlobalSection
	GlobalSection(SolutionProperties) = preSolution
		HideSolutionNode = FALSE
	EndGlobalSection
	GlobalSection(ExtensibilityGlobals) = postSolution
		SolutionGuid = {F8CAC469-8DCC-4337-8F0B-8D62965D222E}
	EndGlobalSection
EndGlobal
